
Microsoft Visual Studio Solution File, Format Version 11.00
# Visual Studio 2010
Project("{FAE04EC0-301F-11D3-BF4B-00C04F79EFBC}") = "ServiceLocatorLib", "src\ServiceLocatorLib\ServiceLocatorLib.csproj", "{61B8E07F-1947-4354-B343-45D2F2608488}"
EndProject
Project("{2150E333-8FDC-42A3-9474-1A3956D46DE8}") = "Configuration", "Configuration", "{25AD18C3-2994-4B08-866B-9BF8902A4A34}"
EndProject
Project("{2150E333-8FDC-42A3-9474-1A3956D46DE8}") = "ServiceLocator", "ServiceLocator", "{BD4017E6-0733-494E-9E98-3E183C35EDD1}"
EndProject
Project("{2150E333-8FDC-42A3-9474-1A3956D46DE8}") = "Core", "Core", "{8E16CCC3-CCF0-41CC-A520-726B0C7749CD}"
EndProject
Project("{FAE04EC0-301F-11D3-BF4B-00C04F79EFBC}") = "CoreUtilities.Test", "test\CoreUtilities.Test\CoreUtilities.Test.csproj", "{57AF5AF6-992E-4070-BA5F-72BDBDD11124}"
EndProject
Project("{FAE04EC0-301F-11D3-BF4B-00C04F79EFBC}") = "CoreUtilities", "src\CoreUtilities\CoreUtilities.csproj", "{1EF1E40B-AF5D-4E70-BEB0-138AE88DC1A1}"
EndProject
Project("{FAE04EC0-301F-11D3-BF4B-00C04F79EFBC}") = "ServiceLocatorLib.Test", "test\ServiceLocatorLib.Test\ServiceLocatorLib.Test.csproj", "{A1C06718-B57A-4AF9-8790-55929586221A}"
EndProject
Project("{FAE04EC0-301F-11D3-BF4B-00C04F79EFBC}") = "ConfigurationLib", "src\ConfigurationLib\ConfigurationLib.csproj", "{B4494116-CC70-42F9-AFBD-9F7D47EC5E82}"
EndProject
Project("{2150E333-8FDC-42A3-9474-1A3956D46DE8}") = "Domain", "Domain", "{4776C6A6-80DF-451E-B0E7-AFDB8857D36A}"
EndProject
Project("{FAE04EC0-301F-11D3-BF4B-00C04F79EFBC}") = "DomainLib", "src\DomainLib\DomainLib.csproj", "{7E213AD4-1806-4B2E-9445-858B59EA471D}"
EndProject
Project("{2150E333-8FDC-42A3-9474-1A3956D46DE8}") = "T4Templates", "T4Templates", "{9C09BCE7-8AC4-41F5-AF22-D7A7D0E4D2B2}"
	ProjectSection(SolutionItems) = preProject
		templates\StructCS.ttinclude = templates\StructCS.ttinclude
	EndProjectSection
EndProject
Global
	GlobalSection(SolutionConfigurationPlatforms) = preSolution
		Debug|Any CPU = Debug|Any CPU
		Release|Any CPU = Release|Any CPU
	EndGlobalSection
	GlobalSection(ProjectConfigurationPlatforms) = postSolution
		{61B8E07F-1947-4354-B343-45D2F2608488}.Debug|Any CPU.ActiveCfg = Debug|Any CPU
		{61B8E07F-1947-4354-B343-45D2F2608488}.Debug|Any CPU.Build.0 = Debug|Any CPU
		{61B8E07F-1947-4354-B343-45D2F2608488}.Release|Any CPU.ActiveCfg = Release|Any CPU
		{61B8E07F-1947-4354-B343-45D2F2608488}.Release|Any CPU.Build.0 = Release|Any CPU
		{57AF5AF6-992E-4070-BA5F-72BDBDD11124}.Debug|Any CPU.ActiveCfg = Debug|Any CPU
		{57AF5AF6-992E-4070-BA5F-72BDBDD11124}.Debug|Any CPU.Build.0 = Debug|Any CPU
		{57AF5AF6-992E-4070-BA5F-72BDBDD11124}.Release|Any CPU.ActiveCfg = Release|Any CPU
		{57AF5AF6-992E-4070-BA5F-72BDBDD11124}.Release|Any CPU.Build.0 = Release|Any CPU
		{1EF1E40B-AF5D-4E70-BEB0-138AE88DC1A1}.Debug|Any CPU.ActiveCfg = Debug|Any CPU
		{1EF1E40B-AF5D-4E70-BEB0-138AE88DC1A1}.Debug|Any CPU.Build.0 = Debug|Any CPU
		{1EF1E40B-AF5D-4E70-BEB0-138AE88DC1A1}.Release|Any CPU.ActiveCfg = Release|Any CPU
		{1EF1E40B-AF5D-4E70-BEB0-138AE88DC1A1}.Release|Any CPU.Build.0 = Release|Any CPU
		{A1C06718-B57A-4AF9-8790-55929586221A}.Debug|Any CPU.ActiveCfg = Debug|Any CPU
		{A1C06718-B57A-4AF9-8790-55929586221A}.Debug|Any CPU.Build.0 = Debug|Any CPU
		{A1C06718-B57A-4AF9-8790-55929586221A}.Release|Any CPU.ActiveCfg = Release|Any CPU
		{A1C06718-B57A-4AF9-8790-55929586221A}.Release|Any CPU.Build.0 = Release|Any CPU
		{B4494116-CC70-42F9-AFBD-9F7D47EC5E82}.Debug|Any CPU.ActiveCfg = Debug|Any CPU
		{B4494116-CC70-42F9-AFBD-9F7D47EC5E82}.Debug|Any CPU.Build.0 = Debug|Any CPU
		{B4494116-CC70-42F9-AFBD-9F7D47EC5E82}.Release|Any CPU.ActiveCfg = Release|Any CPU
		{B4494116-CC70-42F9-AFBD-9F7D47EC5E82}.Release|Any CPU.Build.0 = Release|Any CPU
		{7E213AD4-1806-4B2E-9445-858B59EA471D}.Debug|Any CPU.ActiveCfg = Debug|Any CPU
		{7E213AD4-1806-4B2E-9445-858B59EA471D}.Debug|Any CPU.Build.0 = Debug|Any CPU
		{7E213AD4-1806-4B2E-9445-858B59EA471D}.Release|Any CPU.ActiveCfg = Release|Any CPU
		{7E213AD4-1806-4B2E-9445-858B59EA471D}.Release|Any CPU.Build.0 = Release|Any CPU
	EndGlobalSection
	GlobalSection(SolutionProperties) = preSolution
		HideSolutionNode = FALSE
	EndGlobalSection
	GlobalSection(NestedProjects) = preSolution
		{61B8E07F-1947-4354-B343-45D2F2608488} = {BD4017E6-0733-494E-9E98-3E183C35EDD1}
		{A1C06718-B57A-4AF9-8790-55929586221A} = {BD4017E6-0733-494E-9E98-3E183C35EDD1}
		{B4494116-CC70-42F9-AFBD-9F7D47EC5E82} = {25AD18C3-2994-4B08-866B-9BF8902A4A34}
		{57AF5AF6-992E-4070-BA5F-72BDBDD11124} = {8E16CCC3-CCF0-41CC-A520-726B0C7749CD}
		{1EF1E40B-AF5D-4E70-BEB0-138AE88DC1A1} = {8E16CCC3-CCF0-41CC-A520-726B0C7749CD}
		{7E213AD4-1806-4B2E-9445-858B59EA471D} = {4776C6A6-80DF-451E-B0E7-AFDB8857D36A}
	EndGlobalSection
EndGlobal
