
Microsoft Visual Studio Solution File, Format Version 11.00
# Visual Studio 2010
Project("{FAE04EC0-301F-11D3-BF4B-00C04F79EFBC}") = "ServiceLocatorLib", "src\ServiceLocatorLib\ServiceLocatorLib.csproj", "{61B8E07F-1947-4354-B343-45D2F2608488}"
EndProject
Project("{2150E333-8FDC-42A3-9474-1A3956D46DE8}") = "Configuration", "Configuration", "{25AD18C3-2994-4B08-866B-9BF8902A4A34}"
EndProject
Project("{2150E333-8FDC-42A3-9474-1A3956D46DE8}") = "ServiceLocator", "ServiceLocator", "{BD4017E6-0733-494E-9E98-3E183C35EDD1}"
EndProject
Project("{2150E333-8FDC-42A3-9474-1A3956D46DE8}") = "Core", "Core", "{8E16CCC3-CCF0-41CC-A520-726B0C7749CD}"
EndProject
Project("{FAE04EC0-301F-11D3-BF4B-00C04F79EFBC}") = "CoreUtilities.Test", "test\CoreUtilities.Test\CoreUtilities.Test.csproj", "{57AF5AF6-992E-4070-BA5F-72BDBDD11124}"
EndProject
Project("{FAE04EC0-301F-11D3-BF4B-00C04F79EFBC}") = "CoreUtilities", "src\CoreUtilities\CoreUtilities.csproj", "{1EF1E40B-AF5D-4E70-BEB0-138AE88DC1A1}"
EndProject
Project("{FAE04EC0-301F-11D3-BF4B-00C04F79EFBC}") = "ServiceLocatorLib.Test", "test\ServiceLocatorLib.Test\ServiceLocatorLib.Test.csproj", "{A1C06718-B57A-4AF9-8790-55929586221A}"
EndProject
Project("{2150E333-8FDC-42A3-9474-1A3956D46DE8}") = "Domain", "Domain", "{4776C6A6-80DF-451E-B0E7-AFDB8857D36A}"
EndProject
Project("{2150E333-8FDC-42A3-9474-1A3956D46DE8}") = "T4Templates", "T4Templates", "{9C09BCE7-8AC4-41F5-AF22-D7A7D0E4D2B2}"
	ProjectSection(SolutionItems) = preProject
		templates\StructCS.ttinclude = templates\StructCS.ttinclude
	EndProjectSection
EndProject
Project("{2150E333-8FDC-42A3-9474-1A3956D46DE8}") = "NUnit", "NUnit", "{98448232-1A22-428D-98C3-2BE2D4D90387}"
EndProject
Project("{FAE04EC0-301F-11D3-BF4B-00C04F79EFBC}") = "NUnitExtensions", "src\NUnitExtensions\NUnitExtensions.csproj", "{26864CF4-E4AB-4712-8E77-1ABF0BC40A07}"
EndProject
Project("{FAE04EC0-301F-11D3-BF4B-00C04F79EFBC}") = "NUnitExtensions.Test", "test\NUnitExtensions.Test\NUnitExtensions.Test.csproj", "{F2F6327C-A163-4AC0-9268-D44CB401316F}"
EndProject
Global
	GlobalSection(SolutionConfigurationPlatforms) = preSolution
		Debug|Any CPU = Debug|Any CPU
		Debug|Mixed Platforms = Debug|Mixed Platforms
		Debug|x86 = Debug|x86
		Release|Any CPU = Release|Any CPU
		Release|Mixed Platforms = Release|Mixed Platforms
		Release|x86 = Release|x86
	EndGlobalSection
	GlobalSection(ProjectConfigurationPlatforms) = postSolution
		{61B8E07F-1947-4354-B343-45D2F2608488}.Debug|Any CPU.ActiveCfg = Debug|Any CPU
		{61B8E07F-1947-4354-B343-45D2F2608488}.Debug|Any CPU.Build.0 = Debug|Any CPU
		{61B8E07F-1947-4354-B343-45D2F2608488}.Debug|Mixed Platforms.ActiveCfg = Debug|Any CPU
		{61B8E07F-1947-4354-B343-45D2F2608488}.Debug|Mixed Platforms.Build.0 = Debug|Any CPU
		{61B8E07F-1947-4354-B343-45D2F2608488}.Debug|x86.ActiveCfg = Debug|Any CPU
		{61B8E07F-1947-4354-B343-45D2F2608488}.Release|Any CPU.ActiveCfg = Release|Any CPU
		{61B8E07F-1947-4354-B343-45D2F2608488}.Release|Any CPU.Build.0 = Release|Any CPU
		{61B8E07F-1947-4354-B343-45D2F2608488}.Release|Mixed Platforms.ActiveCfg = Release|Any CPU
		{61B8E07F-1947-4354-B343-45D2F2608488}.Release|Mixed Platforms.Build.0 = Release|Any CPU
		{61B8E07F-1947-4354-B343-45D2F2608488}.Release|x86.ActiveCfg = Release|Any CPU
		{57AF5AF6-992E-4070-BA5F-72BDBDD11124}.Debug|Any CPU.ActiveCfg = Debug|Any CPU
		{57AF5AF6-992E-4070-BA5F-72BDBDD11124}.Debug|Any CPU.Build.0 = Debug|Any CPU
		{57AF5AF6-992E-4070-BA5F-72BDBDD11124}.Debug|Mixed Platforms.ActiveCfg = Debug|Any CPU
		{57AF5AF6-992E-4070-BA5F-72BDBDD11124}.Debug|Mixed Platforms.Build.0 = Debug|Any CPU
		{57AF5AF6-992E-4070-BA5F-72BDBDD11124}.Debug|x86.ActiveCfg = Debug|Any CPU
		{57AF5AF6-992E-4070-BA5F-72BDBDD11124}.Release|Any CPU.ActiveCfg = Release|Any CPU
		{57AF5AF6-992E-4070-BA5F-72BDBDD11124}.Release|Mixed Platforms.ActiveCfg = Release|Any CPU
		{57AF5AF6-992E-4070-BA5F-72BDBDD11124}.Release|Mixed Platforms.Build.0 = Release|Any CPU
		{57AF5AF6-992E-4070-BA5F-72BDBDD11124}.Release|x86.ActiveCfg = Release|Any CPU
		{1EF1E40B-AF5D-4E70-BEB0-138AE88DC1A1}.Debug|Any CPU.ActiveCfg = Debug|Any CPU
		{1EF1E40B-AF5D-4E70-BEB0-138AE88DC1A1}.Debug|Any CPU.Build.0 = Debug|Any CPU
		{1EF1E40B-AF5D-4E70-BEB0-138AE88DC1A1}.Debug|Mixed Platforms.ActiveCfg = Debug|Any CPU
		{1EF1E40B-AF5D-4E70-BEB0-138AE88DC1A1}.Debug|Mixed Platforms.Build.0 = Debug|Any CPU
		{1EF1E40B-AF5D-4E70-BEB0-138AE88DC1A1}.Debug|x86.ActiveCfg = Debug|Any CPU
		{1EF1E40B-AF5D-4E70-BEB0-138AE88DC1A1}.Release|Any CPU.ActiveCfg = Release|Any CPU
		{1EF1E40B-AF5D-4E70-BEB0-138AE88DC1A1}.Release|Any CPU.Build.0 = Release|Any CPU
		{1EF1E40B-AF5D-4E70-BEB0-138AE88DC1A1}.Release|Mixed Platforms.ActiveCfg = Release|Any CPU
		{1EF1E40B-AF5D-4E70-BEB0-138AE88DC1A1}.Release|Mixed Platforms.Build.0 = Release|Any CPU
		{1EF1E40B-AF5D-4E70-BEB0-138AE88DC1A1}.Release|x86.ActiveCfg = Release|Any CPU
		{A1C06718-B57A-4AF9-8790-55929586221A}.Debug|Any CPU.ActiveCfg = Debug|Any CPU
		{A1C06718-B57A-4AF9-8790-55929586221A}.Debug|Any CPU.Build.0 = Debug|Any CPU
		{A1C06718-B57A-4AF9-8790-55929586221A}.Debug|Mixed Platforms.ActiveCfg = Debug|Any CPU
		{A1C06718-B57A-4AF9-8790-55929586221A}.Debug|Mixed Platforms.Build.0 = Debug|Any CPU
		{A1C06718-B57A-4AF9-8790-55929586221A}.Debug|x86.ActiveCfg = Debug|Any CPU
		{A1C06718-B57A-4AF9-8790-55929586221A}.Release|Any CPU.ActiveCfg = Release|Any CPU
		{A1C06718-B57A-4AF9-8790-55929586221A}.Release|Mixed Platforms.ActiveCfg = Release|Any CPU
		{A1C06718-B57A-4AF9-8790-55929586221A}.Release|Mixed Platforms.Build.0 = Release|Any CPU
		{A1C06718-B57A-4AF9-8790-55929586221A}.Release|x86.ActiveCfg = Release|Any CPU
		{26864CF4-E4AB-4712-8E77-1ABF0BC40A07}.Debug|Any CPU.ActiveCfg = Debug|Any CPU
		{26864CF4-E4AB-4712-8E77-1ABF0BC40A07}.Debug|Any CPU.Build.0 = Debug|Any CPU
		{26864CF4-E4AB-4712-8E77-1ABF0BC40A07}.Debug|Mixed Platforms.ActiveCfg = Debug|Any CPU
		{26864CF4-E4AB-4712-8E77-1ABF0BC40A07}.Debug|Mixed Platforms.Build.0 = Debug|Any CPU
		{26864CF4-E4AB-4712-8E77-1ABF0BC40A07}.Debug|x86.ActiveCfg = Debug|Any CPU
		{26864CF4-E4AB-4712-8E77-1ABF0BC40A07}.Release|Any CPU.ActiveCfg = Release|Any CPU
		{26864CF4-E4AB-4712-8E77-1ABF0BC40A07}.Release|Any CPU.Build.0 = Release|Any CPU
		{26864CF4-E4AB-4712-8E77-1ABF0BC40A07}.Release|Mixed Platforms.ActiveCfg = Release|Any CPU
		{26864CF4-E4AB-4712-8E77-1ABF0BC40A07}.Release|Mixed Platforms.Build.0 = Release|Any CPU
		{26864CF4-E4AB-4712-8E77-1ABF0BC40A07}.Release|x86.ActiveCfg = Release|Any CPU
		{F2F6327C-A163-4AC0-9268-D44CB401316F}.Debug|Any CPU.ActiveCfg = Debug|Any CPU
		{F2F6327C-A163-4AC0-9268-D44CB401316F}.Debug|Any CPU.Build.0 = Debug|Any CPU
		{F2F6327C-A163-4AC0-9268-D44CB401316F}.Debug|Mixed Platforms.ActiveCfg = Debug|Any CPU
		{F2F6327C-A163-4AC0-9268-D44CB401316F}.Debug|Mixed Platforms.Build.0 = Debug|Any CPU
		{F2F6327C-A163-4AC0-9268-D44CB401316F}.Debug|x86.ActiveCfg = Debug|Any CPU
		{F2F6327C-A163-4AC0-9268-D44CB401316F}.Release|Any CPU.ActiveCfg = Release|Any CPU
		{F2F6327C-A163-4AC0-9268-D44CB401316F}.Release|Mixed Platforms.ActiveCfg = Release|Any CPU
		{F2F6327C-A163-4AC0-9268-D44CB401316F}.Release|Mixed Platforms.Build.0 = Release|Any CPU
		{F2F6327C-A163-4AC0-9268-D44CB401316F}.Release|x86.ActiveCfg = Release|Any CPU
	EndGlobalSection
	GlobalSection(SolutionProperties) = preSolution
		HideSolutionNode = FALSE
	EndGlobalSection
	GlobalSection(NestedProjects) = preSolution
		{61B8E07F-1947-4354-B343-45D2F2608488} = {BD4017E6-0733-494E-9E98-3E183C35EDD1}
		{A1C06718-B57A-4AF9-8790-55929586221A} = {BD4017E6-0733-494E-9E98-3E183C35EDD1}
		{57AF5AF6-992E-4070-BA5F-72BDBDD11124} = {8E16CCC3-CCF0-41CC-A520-726B0C7749CD}
		{1EF1E40B-AF5D-4E70-BEB0-138AE88DC1A1} = {8E16CCC3-CCF0-41CC-A520-726B0C7749CD}
		{26864CF4-E4AB-4712-8E77-1ABF0BC40A07} = {98448232-1A22-428D-98C3-2BE2D4D90387}
		{F2F6327C-A163-4AC0-9268-D44CB401316F} = {98448232-1A22-428D-98C3-2BE2D4D90387}
	EndGlobalSection
EndGlobal
